
Microsoft Visual Studio Solution File, Format Version 12.00
# Visual Studio 15
VisualStudioVersion = 15.0.28010.2048
MinimumVisualStudioVersion = 10.0.40219.1
Project("{FAE04EC0-301F-11D3-BF4B-00C04F79EFBC}") = "DSS_LastAssignment", "DSS_LastAssignment\DSS_LastAssignment.csproj", "{2955B142-606C-4CC2-8ED9-38288C0AAEE4}"
EndProject
Global
	GlobalSection(SolutionConfigurationPlatforms) = preSolution
		Debug|Any CPU = Debug|Any CPU
		Release|Any CPU = Release|Any CPU
	EndGlobalSection
	GlobalSection(ProjectConfigurationPlatforms) = postSolution
		{2955B142-606C-4CC2-8ED9-38288C0AAEE4}.Debug|Any CPU.ActiveCfg = Debug|Any CPU
		{2955B142-606C-4CC2-8ED9-38288C0AAEE4}.Debug|Any CPU.Build.0 = Debug|Any CPU
		{2955B142-606C-4CC2-8ED9-38288C0AAEE4}.Release|Any CPU.ActiveCfg = Release|Any CPU
		{2955B142-606C-4CC2-8ED9-38288C0AAEE4}.Release|Any CPU.Build.0 = Release|Any CPU
	EndGlobalSection
	GlobalSection(SolutionProperties) = preSolution
		HideSolutionNode = FALSE
	EndGlobalSection
	GlobalSection(ExtensibilityGlobals) = postSolution
		SolutionGuid = {AFB6A2BF-2FC6-4CBB-9E97-B75E4BA5C004}
	EndGlobalSection
EndGlobal
